
Microsoft Visual Studio Solution File, Format Version 12.00
# Visual Studio Version 17
VisualStudioVersion = 17.0.31903.59
MinimumVisualStudioVersion = 10.0.40219.1
Project("{FAE04EC0-301F-11D3-BF4B-00C04F79EFBC}") = "lv4", "lv4.csproj", "{A0D31FAE-C31B-441D-8911-32D4B8915DAB}"
EndProject
Global
	GlobalSection(SolutionConfigurationPlatforms) = preSolution
		Debug|Any CPU = Debug|Any CPU
		Release|Any CPU = Release|Any CPU
	EndGlobalSection
	GlobalSection(ProjectConfigurationPlatforms) = postSolution
		{A0D31FAE-C31B-441D-8911-32D4B8915DAB}.Debug|Any CPU.ActiveCfg = Debug|Any CPU
		{A0D31FAE-C31B-441D-8911-32D4B8915DAB}.Debug|Any CPU.Build.0 = Debug|Any CPU
		{A0D31FAE-C31B-441D-8911-32D4B8915DAB}.Release|Any CPU.ActiveCfg = Release|Any CPU
		{A0D31FAE-C31B-441D-8911-32D4B8915DAB}.Release|Any CPU.Build.0 = Release|Any CPU
	EndGlobalSection
	GlobalSection(SolutionProperties) = preSolution
		HideSolutionNode = FALSE
	EndGlobalSection
	GlobalSection(ExtensibilityGlobals) = postSolution
		SolutionGuid = {83EA41BC-A38F-4785-8B1B-760707BF7FF7}
	EndGlobalSection
EndGlobal
